// !$*UTF8*$!
{
	archiveVersion = 1;
	classes = {
	};
	objectVersion = 54;
	objects = {

/* Begin PBXBuildFile section */
		00E356F31AD99517003FC87E /* SQTests.m in Sources */ = {isa = PBXBuildFile; fileRef = 00E356F21AD99517003FC87E /* SQTests.m */; };
		0AF9BFC1B9AC456C93DB5C7F /* HelveticaNeue-LightItalic.ttf in Resources */ = {isa = PBXBuildFile; fileRef = 7073E6832A33441BAE8B4B3C /* HelveticaNeue-LightItalic.ttf */; };
		0C80B921A6F3F58F76C31292 /* libPods-SQ.a in Frameworks */ = {isa = PBXBuildFile; fileRef = 5DCACB8F33CDC322A6C60F78 /* libPods-SQ.a */; };
		13B07FBC1A68108700A75B9A /* AppDelegate.mm in Sources */ = {isa = PBXBuildFile; fileRef = 13B07FB01A68108700A75B9A /* AppDelegate.mm */; };
		13B07FBF1A68108700A75B9A /* Images.xcassets in Resources */ = {isa = PBXBuildFile; fileRef = 13B07FB51A68108700A75B9A /* Images.xcassets */; };
		13B07FC11A68108700A75B9A /* main.m in Sources */ = {isa = PBXBuildFile; fileRef = 13B07FB71A68108700A75B9A /* main.m */; };
		2622780F40AE4E94B3CE6FEA /* HelveticaNeue-Regular.ttf in Resources */ = {isa = PBXBuildFile; fileRef = 2D95DF9F0027487AA1B986F9 /* HelveticaNeue-Regular.ttf */; };
		32B0D6BB94184746A30250FA /* new_booking.mp3 in Resources */ = {isa = PBXBuildFile; fileRef = BFDA384F9AC24878A5C4F20D /* new_booking.mp3 */; };
		33604887F9074B1A820DD7D8 /* HelveticaNeue-BoldItalic.ttf in Resources */ = {isa = PBXBuildFile; fileRef = 3E8E9A99AE3442288879C548 /* HelveticaNeue-BoldItalic.ttf */; };
		3A1C6FC4CE714C97A6E15C48 /* Ionicons.ttf in Resources */ = {isa = PBXBuildFile; fileRef = 0253A697D1A84DB091B22551 /* Ionicons.ttf */; };
		401C22286F0A49A8862699D5 /* FontAwesome6_Brands.ttf in Resources */ = {isa = PBXBuildFile; fileRef = D76171188CE84E6BB47255E9 /* FontAwesome6_Brands.ttf */; };
		498C36500AE248F5824A994D /* FontAwesome.ttf in Resources */ = {isa = PBXBuildFile; fileRef = 9244E8D4D3C84EE8ADBEC36F /* FontAwesome.ttf */; };
		55E85E47C057493984D1A8F8 /* MaterialCommunityIcons.ttf in Resources */ = {isa = PBXBuildFile; fileRef = 21677B6A948447B68F4B5816 /* MaterialCommunityIcons.ttf */; };
		57DC157CA8994F5581F5AAFD /* FontAwesome5_Brands.ttf in Resources */ = {isa = PBXBuildFile; fileRef = BD1DAFB10BA5408592DBC82A /* FontAwesome5_Brands.ttf */; };
		5CCD234DA7EC44BDAB1EC7BD /* HelveticaNeue-Bold.ttf in Resources */ = {isa = PBXBuildFile; fileRef = C353E55B87AB465B83FEAA54 /* HelveticaNeue-Bold.ttf */; };
		6132EF182BDFF13200BBE14D /* PrivacyInfo.xcprivacy in Resources */ = {isa = PBXBuildFile; fileRef = 6132EF172BDFF13200BBE14D /* PrivacyInfo.xcprivacy */; };
		66652159631642A493202236 /* HelveticaNeue-CondensedBold.ttf in Resources */ = {isa = PBXBuildFile; fileRef = F9546E3AB1AD489E856ED71E /* HelveticaNeue-CondensedBold.ttf */; };
		6870243EF30B4D2A955B599A /* FontAwesome6_Solid.ttf in Resources */ = {isa = PBXBuildFile; fileRef = 3B403FA60FFF498997492E5E /* FontAwesome6_Solid.ttf */; };
		68D0748142E34B1C8F2C17AD /* Fontisto.ttf in Resources */ = {isa = PBXBuildFile; fileRef = 6F7924A0DFA743F48A575F50 /* Fontisto.ttf */; };
		6BF0A1CD79FC4EA0A7958E95 /* HelveticaNeue-Italic.ttf in Resources */ = {isa = PBXBuildFile; fileRef = BC4FED1ED80E4D9491C90343 /* HelveticaNeue-Italic.ttf */; };
		6F7F7A0A18124142A0B572AE /* Feather.ttf in Resources */ = {isa = PBXBuildFile; fileRef = EA3A7EF56396472AA372C69A /* Feather.ttf */; };
		7699B88040F8A987B510C191 /* libPods-SQ-SQTests.a in Frameworks */ = {isa = PBXBuildFile; fileRef = 19F6CBCC0A4E27FBF8BF4A61 /* libPods-SQ-SQTests.a */; };
		7AFD1A5B1EF348129E9E16C5 /* Foundation.ttf in Resources */ = {isa = PBXBuildFile; fileRef = 59E821915A0E4DE5A2FC43F9 /* Foundation.ttf */; };
		81AB9BB82411601600AC10FF /* LaunchScreen.storyboard in Resources */ = {isa = PBXBuildFile; fileRef = 81AB9BB72411601600AC10FF /* LaunchScreen.storyboard */; };
		89014B626CCC4AF6BF9A501B /* MaterialIcons.ttf in Resources */ = {isa = PBXBuildFile; fileRef = DBFE327AAEBB4BD2980B0D74 /* MaterialIcons.ttf */; };
		8BFBD9E11A494058AAEC0406 /* FontAwesome5_Solid.ttf in Resources */ = {isa = PBXBuildFile; fileRef = 20CBEBA197A944EBBF5753F4 /* FontAwesome5_Solid.ttf */; };
		8DD5F3C493A84C1A8A78AC47 /* HelveticaNeue-Medium.ttf in Resources */ = {isa = PBXBuildFile; fileRef = F7976369E3CC48D9B5171FCB /* HelveticaNeue-Medium.ttf */; };
		8E84ACE3601B4940AA3CCE05 /* AntDesign.ttf in Resources */ = {isa = PBXBuildFile; fileRef = E140DC6C52944900825457A1 /* AntDesign.ttf */; };
		90EC55BB270149F8AA0DEB67 /* HelveticaNeue-Light.ttf in Resources */ = {isa = PBXBuildFile; fileRef = 727262102F864775BC677EAC /* HelveticaNeue-Light.ttf */; };
		9F1309D7097E4E49A186EE29 /* BootSplash.storyboard in Resources */ = {isa = PBXBuildFile; fileRef = 57878042FF8D4768B3FDF56D /* BootSplash.storyboard */; };
		A05FEEF182B441A5AA619DBF /* Entypo.ttf in Resources */ = {isa = PBXBuildFile; fileRef = 509503BC753146C0AAC76974 /* Entypo.ttf */; };
		A554B7EB196047C694FB38E8 /* FontAwesome6_Regular.ttf in Resources */ = {isa = PBXBuildFile; fileRef = 201526EC81CD4A25BF15D78F /* FontAwesome6_Regular.ttf */; };
		A8F83BF2C001493BA2C3219A /* Colors.xcassets in Resources */ = {isa = PBXBuildFile; fileRef = 19DD7974C7E24FD2878DDE3F /* Colors.xcassets */; };
		AAA92FDB83E741F4AED3784F /* SimpleLineIcons.ttf in Resources */ = {isa = PBXBuildFile; fileRef = 42A04F582F704E09AE3D937C /* SimpleLineIcons.ttf */; };
		C350A7B3437B4450B2810643 /* HelveticaNeue-UltraLightItalic.ttf in Resources */ = {isa = PBXBuildFile; fileRef = C34E2A6C3B5A4FCA990D04D7 /* HelveticaNeue-UltraLightItalic.ttf */; };
		C8F0490413B24E6DB7B45AD7 /* FontAwesome5_Regular.ttf in Resources */ = {isa = PBXBuildFile; fileRef = D63FBF1CCA0B4DF59E5586B7 /* FontAwesome5_Regular.ttf */; };
		CB6DB91F01DD4D1F8C69C875 /* HelveticaNeue-UltraLight.ttf in Resources */ = {isa = PBXBuildFile; fileRef = 9CE4A3EA3E134B9283D45E57 /* HelveticaNeue-UltraLight.ttf */; };
		F0A1C8904E2249DCA39A8473 /* Octicons.ttf in Resources */ = {isa = PBXBuildFile; fileRef = 595675BE1EF94C99A7F0EF27 /* Octicons.ttf */; };
		F26C494A7BA14E6393BEF69D /* Zocial.ttf in Resources */ = {isa = PBXBuildFile; fileRef = A8B9325903D245589935231C /* Zocial.ttf */; };
		F2F8F37F6672452886762788 /* default_sound.mp3 in Resources */ = {isa = PBXBuildFile; fileRef = 0D3FD6495E69489DBA1A4BE7 /* default_sound.mp3 */; };
		F398FD89E1674A2993E5CED7 /* new_booking_low.mp3 in Resources */ = {isa = PBXBuildFile; fileRef = E814C7A63C9F45B79BEC993A /* new_booking_low.mp3 */; };
		F9A33794589F4BC5A5E0A581 /* open_app_now.mp3 in Resources */ = {isa = PBXBuildFile; fileRef = 52CFCB5E005B4A2DB504B191 /* open_app_now.mp3 */; };
		FFA29A9870E6461E98AABB5B /* EvilIcons.ttf in Resources */ = {isa = PBXBuildFile; fileRef = 8088ED1A97BE42C6BC1B7F8B /* EvilIcons.ttf */; };
/* End PBXBuildFile section */

/* Begin PBXContainerItemProxy section */
		00E356F41AD99517003FC87E /* PBXContainerItemProxy */ = {
			isa = PBXContainerItemProxy;
			containerPortal = 83CBB9F71A601CBA00E9B192 /* Project object */;
			proxyType = 1;
			remoteGlobalIDString = 13B07F861A680F5B00A75B9A;
			remoteInfo = SQ;
		};
/* End PBXContainerItemProxy section */

/* Begin PBXFileReference section */
		00E356EE1AD99517003FC87E /* SQTests.xctest */ = {isa = PBXFileReference; explicitFileType = wrapper.cfbundle; includeInIndex = 0; path = SQTests.xctest; sourceTree = BUILT_PRODUCTS_DIR; };
		00E356F11AD99517003FC87E /* Info.plist */ = {isa = PBXFileReference; lastKnownFileType = text.plist.xml; path = Info.plist; sourceTree = "<group>"; };
		00E356F21AD99517003FC87E /* SQTests.m */ = {isa = PBXFileReference; lastKnownFileType = sourcecode.c.objc; path = SQTests.m; sourceTree = "<group>"; };
		0253A697D1A84DB091B22551 /* Ionicons.ttf */ = {isa = PBXFileReference; explicitFileType = undefined; fileEncoding = undefined; includeInIndex = 0; lastKnownFileType = unknown; name = Ionicons.ttf; path = "../node_modules/react-native-vector-icons/Fonts/Ionicons.ttf"; sourceTree = "<group>"; };
		0D3FD6495E69489DBA1A4BE7 /* default_sound.mp3 */ = {isa = PBXFileReference; explicitFileType = undefined; fileEncoding = undefined; includeInIndex = 0; lastKnownFileType = unknown; name = default_sound.mp3; path = ../src/assets/sound/default_sound.mp3; sourceTree = "<group>"; };
		13B07F961A680F5B00A75B9A /* SQ.app */ = {isa = PBXFileReference; explicitFileType = wrapper.application; includeInIndex = 0; path = SQ.app; sourceTree = BUILT_PRODUCTS_DIR; };
		13B07FAF1A68108700A75B9A /* AppDelegate.h */ = {isa = PBXFileReference; fileEncoding = 4; lastKnownFileType = sourcecode.c.h; name = AppDelegate.h; path = SQ/AppDelegate.h; sourceTree = "<group>"; };
		13B07FB01A68108700A75B9A /* AppDelegate.mm */ = {isa = PBXFileReference; fileEncoding = 4; lastKnownFileType = sourcecode.cpp.objcpp; name = AppDelegate.mm; path = SQ/AppDelegate.mm; sourceTree = "<group>"; };
		13B07FB51A68108700A75B9A /* Images.xcassets */ = {isa = PBXFileReference; lastKnownFileType = folder.assetcatalog; name = Images.xcassets; path = SQ/Images.xcassets; sourceTree = "<group>"; };
		13B07FB61A68108700A75B9A /* Info.plist */ = {isa = PBXFileReference; fileEncoding = 4; lastKnownFileType = text.plist.xml; name = Info.plist; path = SQ/Info.plist; sourceTree = "<group>"; };
		13B07FB71A68108700A75B9A /* main.m */ = {isa = PBXFileReference; fileEncoding = 4; lastKnownFileType = sourcecode.c.objc; name = main.m; path = SQ/main.m; sourceTree = "<group>"; };
		19DD7974C7E24FD2878DDE3F /* Colors.xcassets */ = {isa = PBXFileReference; explicitFileType = undefined; fileEncoding = undefined; includeInIndex = 0; lastKnownFileType = folder.assetcatalog; name = Colors.xcassets; path = SQ/Colors.xcassets; sourceTree = "<group>"; };
		19F6CBCC0A4E27FBF8BF4A61 /* libPods-SQ-SQTests.a */ = {isa = PBXFileReference; explicitFileType = archive.ar; includeInIndex = 0; path = "libPods-SQ-SQTests.a"; sourceTree = BUILT_PRODUCTS_DIR; };
		201526EC81CD4A25BF15D78F /* FontAwesome6_Regular.ttf */ = {isa = PBXFileReference; explicitFileType = undefined; fileEncoding = undefined; includeInIndex = 0; lastKnownFileType = unknown; name = FontAwesome6_Regular.ttf; path = "../node_modules/react-native-vector-icons/Fonts/FontAwesome6_Regular.ttf"; sourceTree = "<group>"; };
		20CBEBA197A944EBBF5753F4 /* FontAwesome5_Solid.ttf */ = {isa = PBXFileReference; explicitFileType = undefined; fileEncoding = undefined; includeInIndex = 0; lastKnownFileType = unknown; name = FontAwesome5_Solid.ttf; path = "../node_modules/react-native-vector-icons/Fonts/FontAwesome5_Solid.ttf"; sourceTree = "<group>"; };
		21677B6A948447B68F4B5816 /* MaterialCommunityIcons.ttf */ = {isa = PBXFileReference; explicitFileType = undefined; fileEncoding = undefined; includeInIndex = 0; lastKnownFileType = unknown; name = MaterialCommunityIcons.ttf; path = "../node_modules/react-native-vector-icons/Fonts/MaterialCommunityIcons.ttf"; sourceTree = "<group>"; };
		2D95DF9F0027487AA1B986F9 /* HelveticaNeue-Regular.ttf */ = {isa = PBXFileReference; explicitFileType = undefined; fileEncoding = undefined; includeInIndex = 0; lastKnownFileType = unknown; name = "HelveticaNeue-Regular.ttf"; path = "../src/assets/fonts/HelveticaNeue-Regular.ttf"; sourceTree = "<group>"; };
		3B403FA60FFF498997492E5E /* FontAwesome6_Solid.ttf */ = {isa = PBXFileReference; explicitFileType = undefined; fileEncoding = undefined; includeInIndex = 0; lastKnownFileType = unknown; name = FontAwesome6_Solid.ttf; path = "../node_modules/react-native-vector-icons/Fonts/FontAwesome6_Solid.ttf"; sourceTree = "<group>"; };
		3B4392A12AC88292D35C810B /* Pods-SQ.debug.xcconfig */ = {isa = PBXFileReference; includeInIndex = 1; lastKnownFileType = text.xcconfig; name = "Pods-SQ.debug.xcconfig"; path = "Target Support Files/Pods-SQ/Pods-SQ.debug.xcconfig"; sourceTree = "<group>"; };
		3E8E9A99AE3442288879C548 /* HelveticaNeue-BoldItalic.ttf */ = {isa = PBXFileReference; explicitFileType = undefined; fileEncoding = undefined; includeInIndex = 0; lastKnownFileType = unknown; name = "HelveticaNeue-BoldItalic.ttf"; path = "../src/assets/fonts/HelveticaNeue-BoldItalic.ttf"; sourceTree = "<group>"; };
		42A04F582F704E09AE3D937C /* SimpleLineIcons.ttf */ = {isa = PBXFileReference; explicitFileType = undefined; fileEncoding = undefined; includeInIndex = 0; lastKnownFileType = unknown; name = SimpleLineIcons.ttf; path = "../node_modules/react-native-vector-icons/Fonts/SimpleLineIcons.ttf"; sourceTree = "<group>"; };
		509503BC753146C0AAC76974 /* Entypo.ttf */ = {isa = PBXFileReference; explicitFileType = undefined; fileEncoding = undefined; includeInIndex = 0; lastKnownFileType = unknown; name = Entypo.ttf; path = "../node_modules/react-native-vector-icons/Fonts/Entypo.ttf"; sourceTree = "<group>"; };
		52CFCB5E005B4A2DB504B191 /* open_app_now.mp3 */ = {isa = PBXFileReference; explicitFileType = undefined; fileEncoding = undefined; includeInIndex = 0; lastKnownFileType = unknown; name = open_app_now.mp3; path = ../src/assets/sound/open_app_now.mp3; sourceTree = "<group>"; };
		5709B34CF0A7D63546082F79 /* Pods-SQ.release.xcconfig */ = {isa = PBXFileReference; includeInIndex = 1; lastKnownFileType = text.xcconfig; name = "Pods-SQ.release.xcconfig"; path = "Target Support Files/Pods-SQ/Pods-SQ.release.xcconfig"; sourceTree = "<group>"; };
		57878042FF8D4768B3FDF56D /* BootSplash.storyboard */ = {isa = PBXFileReference; explicitFileType = undefined; fileEncoding = undefined; includeInIndex = 0; lastKnownFileType = unknown; name = BootSplash.storyboard; path = SQ/BootSplash.storyboard; sourceTree = "<group>"; };
		595675BE1EF94C99A7F0EF27 /* Octicons.ttf */ = {isa = PBXFileReference; explicitFileType = undefined; fileEncoding = undefined; includeInIndex = 0; lastKnownFileType = unknown; name = Octicons.ttf; path = "../node_modules/react-native-vector-icons/Fonts/Octicons.ttf"; sourceTree = "<group>"; };
		59E821915A0E4DE5A2FC43F9 /* Foundation.ttf */ = {isa = PBXFileReference; explicitFileType = undefined; fileEncoding = undefined; includeInIndex = 0; lastKnownFileType = unknown; name = Foundation.ttf; path = "../node_modules/react-native-vector-icons/Fonts/Foundation.ttf"; sourceTree = "<group>"; };
		5B7EB9410499542E8C5724F5 /* Pods-SQ-SQTests.debug.xcconfig */ = {isa = PBXFileReference; includeInIndex = 1; lastKnownFileType = text.xcconfig; name = "Pods-SQ-SQTests.debug.xcconfig"; path = "Target Support Files/Pods-SQ-SQTests/Pods-SQ-SQTests.debug.xcconfig"; sourceTree = "<group>"; };
		5DCACB8F33CDC322A6C60F78 /* libPods-SQ.a */ = {isa = PBXFileReference; explicitFileType = archive.ar; includeInIndex = 0; path = "libPods-SQ.a"; sourceTree = BUILT_PRODUCTS_DIR; };
		6132EF172BDFF13200BBE14D /* PrivacyInfo.xcprivacy */ = {isa = PBXFileReference; lastKnownFileType = text.xml; name = PrivacyInfo.xcprivacy; path = SQ/PrivacyInfo.xcprivacy; sourceTree = "<group>"; };
		6F7924A0DFA743F48A575F50 /* Fontisto.ttf */ = {isa = PBXFileReference; explicitFileType = undefined; fileEncoding = undefined; includeInIndex = 0; lastKnownFileType = unknown; name = Fontisto.ttf; path = "../node_modules/react-native-vector-icons/Fonts/Fontisto.ttf"; sourceTree = "<group>"; };
		7073E6832A33441BAE8B4B3C /* HelveticaNeue-LightItalic.ttf */ = {isa = PBXFileReference; explicitFileType = undefined; fileEncoding = undefined; includeInIndex = 0; lastKnownFileType = unknown; name = "HelveticaNeue-LightItalic.ttf"; path = "../src/assets/fonts/HelveticaNeue-LightItalic.ttf"; sourceTree = "<group>"; };
		727262102F864775BC677EAC /* HelveticaNeue-Light.ttf */ = {isa = PBXFileReference; explicitFileType = undefined; fileEncoding = undefined; includeInIndex = 0; lastKnownFileType = unknown; name = "HelveticaNeue-Light.ttf"; path = "../src/assets/fonts/HelveticaNeue-Light.ttf"; sourceTree = "<group>"; };
		8088ED1A97BE42C6BC1B7F8B /* EvilIcons.ttf */ = {isa = PBXFileReference; explicitFileType = undefined; fileEncoding = undefined; includeInIndex = 0; lastKnownFileType = unknown; name = EvilIcons.ttf; path = "../node_modules/react-native-vector-icons/Fonts/EvilIcons.ttf"; sourceTree = "<group>"; };
		81AB9BB72411601600AC10FF /* LaunchScreen.storyboard */ = {isa = PBXFileReference; fileEncoding = 4; lastKnownFileType = file.storyboard; name = LaunchScreen.storyboard; path = SQ/LaunchScreen.storyboard; sourceTree = "<group>"; };
		89C6BE57DB24E9ADA2F236DE /* Pods-SQ-SQTests.release.xcconfig */ = {isa = PBXFileReference; includeInIndex = 1; lastKnownFileType = text.xcconfig; name = "Pods-SQ-SQTests.release.xcconfig"; path = "Target Support Files/Pods-SQ-SQTests/Pods-SQ-SQTests.release.xcconfig"; sourceTree = "<group>"; };
		9244E8D4D3C84EE8ADBEC36F /* FontAwesome.ttf */ = {isa = PBXFileReference; explicitFileType = undefined; fileEncoding = undefined; includeInIndex = 0; lastKnownFileType = unknown; name = FontAwesome.ttf; path = "../node_modules/react-native-vector-icons/Fonts/FontAwesome.ttf"; sourceTree = "<group>"; };
		9CE4A3EA3E134B9283D45E57 /* HelveticaNeue-UltraLight.ttf */ = {isa = PBXFileReference; explicitFileType = undefined; fileEncoding = undefined; includeInIndex = 0; lastKnownFileType = unknown; name = "HelveticaNeue-UltraLight.ttf"; path = "../src/assets/fonts/HelveticaNeue-UltraLight.ttf"; sourceTree = "<group>"; };
		A8B9325903D245589935231C /* Zocial.ttf */ = {isa = PBXFileReference; explicitFileType = undefined; fileEncoding = undefined; includeInIndex = 0; lastKnownFileType = unknown; name = Zocial.ttf; path = "../node_modules/react-native-vector-icons/Fonts/Zocial.ttf"; sourceTree = "<group>"; };
		BC4FED1ED80E4D9491C90343 /* HelveticaNeue-Italic.ttf */ = {isa = PBXFileReference; explicitFileType = undefined; fileEncoding = undefined; includeInIndex = 0; lastKnownFileType = unknown; name = "HelveticaNeue-Italic.ttf"; path = "../src/assets/fonts/HelveticaNeue-Italic.ttf"; sourceTree = "<group>"; };
		BD1DAFB10BA5408592DBC82A /* FontAwesome5_Brands.ttf */ = {isa = PBXFileReference; explicitFileType = undefined; fileEncoding = undefined; includeInIndex = 0; lastKnownFileType = unknown; name = FontAwesome5_Brands.ttf; path = "../node_modules/react-native-vector-icons/Fonts/FontAwesome5_Brands.ttf"; sourceTree = "<group>"; };
		BFDA384F9AC24878A5C4F20D /* new_booking.mp3 */ = {isa = PBXFileReference; explicitFileType = undefined; fileEncoding = undefined; includeInIndex = 0; lastKnownFileType = unknown; name = new_booking.mp3; path = ../src/assets/sound/new_booking.mp3; sourceTree = "<group>"; };
		C34E2A6C3B5A4FCA990D04D7 /* HelveticaNeue-UltraLightItalic.ttf */ = {isa = PBXFileReference; explicitFileType = undefined; fileEncoding = undefined; includeInIndex = 0; lastKnownFileType = unknown; name = "HelveticaNeue-UltraLightItalic.ttf"; path = "../src/assets/fonts/HelveticaNeue-UltraLightItalic.ttf"; sourceTree = "<group>"; };
		C353E55B87AB465B83FEAA54 /* HelveticaNeue-Bold.ttf */ = {isa = PBXFileReference; explicitFileType = undefined; fileEncoding = undefined; includeInIndex = 0; lastKnownFileType = unknown; name = "HelveticaNeue-Bold.ttf"; path = "../src/assets/fonts/HelveticaNeue-Bold.ttf"; sourceTree = "<group>"; };
		D63FBF1CCA0B4DF59E5586B7 /* FontAwesome5_Regular.ttf */ = {isa = PBXFileReference; explicitFileType = undefined; fileEncoding = undefined; includeInIndex = 0; lastKnownFileType = unknown; name = FontAwesome5_Regular.ttf; path = "../node_modules/react-native-vector-icons/Fonts/FontAwesome5_Regular.ttf"; sourceTree = "<group>"; };
		D76171188CE84E6BB47255E9 /* FontAwesome6_Brands.ttf */ = {isa = PBXFileReference; explicitFileType = undefined; fileEncoding = undefined; includeInIndex = 0; lastKnownFileType = unknown; name = FontAwesome6_Brands.ttf; path = "../node_modules/react-native-vector-icons/Fonts/FontAwesome6_Brands.ttf"; sourceTree = "<group>"; };
		DBFE327AAEBB4BD2980B0D74 /* MaterialIcons.ttf */ = {isa = PBXFileReference; explicitFileType = undefined; fileEncoding = undefined; includeInIndex = 0; lastKnownFileType = unknown; name = MaterialIcons.ttf; path = "../node_modules/react-native-vector-icons/Fonts/MaterialIcons.ttf"; sourceTree = "<group>"; };
		E140DC6C52944900825457A1 /* AntDesign.ttf */ = {isa = PBXFileReference; explicitFileType = undefined; fileEncoding = undefined; includeInIndex = 0; lastKnownFileType = unknown; name = AntDesign.ttf; path = "../node_modules/react-native-vector-icons/Fonts/AntDesign.ttf"; sourceTree = "<group>"; };
		E814C7A63C9F45B79BEC993A /* new_booking_low.mp3 */ = {isa = PBXFileReference; explicitFileType = undefined; fileEncoding = undefined; includeInIndex = 0; lastKnownFileType = unknown; name = new_booking_low.mp3; path = ../src/assets/sound/new_booking_low.mp3; sourceTree = "<group>"; };
		EA3A7EF56396472AA372C69A /* Feather.ttf */ = {isa = PBXFileReference; explicitFileType = undefined; fileEncoding = undefined; includeInIndex = 0; lastKnownFileType = unknown; name = Feather.ttf; path = "../node_modules/react-native-vector-icons/Fonts/Feather.ttf"; sourceTree = "<group>"; };
		ED297162215061F000B7C4FE /* JavaScriptCore.framework */ = {isa = PBXFileReference; lastKnownFileType = wrapper.framework; name = JavaScriptCore.framework; path = System/Library/Frameworks/JavaScriptCore.framework; sourceTree = SDKROOT; };
		F7976369E3CC48D9B5171FCB /* HelveticaNeue-Medium.ttf */ = {isa = PBXFileReference; explicitFileType = undefined; fileEncoding = undefined; includeInIndex = 0; lastKnownFileType = unknown; name = "HelveticaNeue-Medium.ttf"; path = "../src/assets/fonts/HelveticaNeue-Medium.ttf"; sourceTree = "<group>"; };
		F9546E3AB1AD489E856ED71E /* HelveticaNeue-CondensedBold.ttf */ = {isa = PBXFileReference; explicitFileType = undefined; fileEncoding = undefined; includeInIndex = 0; lastKnownFileType = unknown; name = "HelveticaNeue-CondensedBold.ttf"; path = "../src/assets/fonts/HelveticaNeue-CondensedBold.ttf"; sourceTree = "<group>"; };
/* End PBXFileReference section */

/* Begin PBXFrameworksBuildPhase section */
		00E356EB1AD99517003FC87E /* Frameworks */ = {
			isa = PBXFrameworksBuildPhase;
			buildActionMask = 2147483647;
			files = (
				7699B88040F8A987B510C191 /* libPods-SQ-SQTests.a in Frameworks */,
			);
			runOnlyForDeploymentPostprocessing = 0;
		};
		13B07F8C1A680F5B00A75B9A /* Frameworks */ = {
			isa = PBXFrameworksBuildPhase;
			buildActionMask = 2147483647;
			files = (
				0C80B921A6F3F58F76C31292 /* libPods-SQ.a in Frameworks */,
			);
			runOnlyForDeploymentPostprocessing = 0;
		};
/* End PBXFrameworksBuildPhase section */

/* Begin PBXGroup section */
		00E356EF1AD99517003FC87E /* SQTests */ = {
			isa = PBXGroup;
			children = (
				00E356F21AD99517003FC87E /* SQTests.m */,
				00E356F01AD99517003FC87E /* Supporting Files */,
			);
			path = SQTests;
			sourceTree = "<group>";
		};
		00E356F01AD99517003FC87E /* Supporting Files */ = {
			isa = PBXGroup;
			children = (
				00E356F11AD99517003FC87E /* Info.plist */,
			);
			name = "Supporting Files";
			sourceTree = "<group>";
		};
		13B07FAE1A68108700A75B9A /* SQ */ = {
			isa = PBXGroup;
			children = (
				13B07FAF1A68108700A75B9A /* AppDelegate.h */,
				13B07FB01A68108700A75B9A /* AppDelegate.mm */,
				13B07FB51A68108700A75B9A /* Images.xcassets */,
				13B07FB61A68108700A75B9A /* Info.plist */,
				81AB9BB72411601600AC10FF /* LaunchScreen.storyboard */,
				13B07FB71A68108700A75B9A /* main.m */,
				57878042FF8D4768B3FDF56D /* BootSplash.storyboard */,
				19DD7974C7E24FD2878DDE3F /* Colors.xcassets */,
			);
			name = SQ;
			sourceTree = "<group>";
		};
		23A1729AAE534D0B8550C0B0 /* Resources */ = {
			isa = PBXGroup;
			children = (
				C353E55B87AB465B83FEAA54 /* HelveticaNeue-Bold.ttf */,
				3E8E9A99AE3442288879C548 /* HelveticaNeue-BoldItalic.ttf */,
				F9546E3AB1AD489E856ED71E /* HelveticaNeue-CondensedBold.ttf */,
				BC4FED1ED80E4D9491C90343 /* HelveticaNeue-Italic.ttf */,
				727262102F864775BC677EAC /* HelveticaNeue-Light.ttf */,
				7073E6832A33441BAE8B4B3C /* HelveticaNeue-LightItalic.ttf */,
				F7976369E3CC48D9B5171FCB /* HelveticaNeue-Medium.ttf */,
				2D95DF9F0027487AA1B986F9 /* HelveticaNeue-Regular.ttf */,
				9CE4A3EA3E134B9283D45E57 /* HelveticaNeue-UltraLight.ttf */,
				C34E2A6C3B5A4FCA990D04D7 /* HelveticaNeue-UltraLightItalic.ttf */,
				E140DC6C52944900825457A1 /* AntDesign.ttf */,
				509503BC753146C0AAC76974 /* Entypo.ttf */,
				8088ED1A97BE42C6BC1B7F8B /* EvilIcons.ttf */,
				EA3A7EF56396472AA372C69A /* Feather.ttf */,
				9244E8D4D3C84EE8ADBEC36F /* FontAwesome.ttf */,
				BD1DAFB10BA5408592DBC82A /* FontAwesome5_Brands.ttf */,
				D63FBF1CCA0B4DF59E5586B7 /* FontAwesome5_Regular.ttf */,
				20CBEBA197A944EBBF5753F4 /* FontAwesome5_Solid.ttf */,
				D76171188CE84E6BB47255E9 /* FontAwesome6_Brands.ttf */,
				201526EC81CD4A25BF15D78F /* FontAwesome6_Regular.ttf */,
				3B403FA60FFF498997492E5E /* FontAwesome6_Solid.ttf */,
				6F7924A0DFA743F48A575F50 /* Fontisto.ttf */,
				59E821915A0E4DE5A2FC43F9 /* Foundation.ttf */,
				0253A697D1A84DB091B22551 /* Ionicons.ttf */,
				21677B6A948447B68F4B5816 /* MaterialCommunityIcons.ttf */,
				DBFE327AAEBB4BD2980B0D74 /* MaterialIcons.ttf */,
				595675BE1EF94C99A7F0EF27 /* Octicons.ttf */,
				42A04F582F704E09AE3D937C /* SimpleLineIcons.ttf */,
				A8B9325903D245589935231C /* Zocial.ttf */,
				0D3FD6495E69489DBA1A4BE7 /* default_sound.mp3 */,
				BFDA384F9AC24878A5C4F20D /* new_booking.mp3 */,
				E814C7A63C9F45B79BEC993A /* new_booking_low.mp3 */,
				52CFCB5E005B4A2DB504B191 /* open_app_now.mp3 */,
			);
			name = Resources;
			path = "";
			sourceTree = "<group>";
		};
		2D16E6871FA4F8E400B85C8A /* Frameworks */ = {
			isa = PBXGroup;
			children = (
				ED297162215061F000B7C4FE /* JavaScriptCore.framework */,
				5DCACB8F33CDC322A6C60F78 /* libPods-SQ.a */,
				19F6CBCC0A4E27FBF8BF4A61 /* libPods-SQ-SQTests.a */,
			);
			name = Frameworks;
			sourceTree = "<group>";
		};
		832341AE1AAA6A7D00B99B32 /* Libraries */ = {
			isa = PBXGroup;
			children = (
			);
			name = Libraries;
			sourceTree = "<group>";
		};
		83CBB9F61A601CBA00E9B192 = {
			isa = PBXGroup;
			children = (
				6132EF172BDFF13200BBE14D /* PrivacyInfo.xcprivacy */,
				13B07FAE1A68108700A75B9A /* SQ */,
				832341AE1AAA6A7D00B99B32 /* Libraries */,
				00E356EF1AD99517003FC87E /* SQTests */,
				83CBBA001A601CBA00E9B192 /* Products */,
				2D16E6871FA4F8E400B85C8A /* Frameworks */,
				BBD78D7AC51CEA395F1C20DB /* Pods */,
				23A1729AAE534D0B8550C0B0 /* Resources */,
			);
			indentWidth = 2;
			sourceTree = "<group>";
			tabWidth = 2;
			usesTabs = 0;
		};
		83CBBA001A601CBA00E9B192 /* Products */ = {
			isa = PBXGroup;
			children = (
				13B07F961A680F5B00A75B9A /* SQ.app */,
				00E356EE1AD99517003FC87E /* SQTests.xctest */,
			);
			name = Products;
			sourceTree = "<group>";
		};
		BBD78D7AC51CEA395F1C20DB /* Pods */ = {
			isa = PBXGroup;
			children = (
				3B4392A12AC88292D35C810B /* Pods-SQ.debug.xcconfig */,
				5709B34CF0A7D63546082F79 /* Pods-SQ.release.xcconfig */,
				5B7EB9410499542E8C5724F5 /* Pods-SQ-SQTests.debug.xcconfig */,
				89C6BE57DB24E9ADA2F236DE /* Pods-SQ-SQTests.release.xcconfig */,
			);
			path = Pods;
			sourceTree = "<group>";
		};
/* End PBXGroup section */

/* Begin PBXNativeTarget section */
		00E356ED1AD99517003FC87E /* SQTests */ = {
			isa = PBXNativeTarget;
			buildConfigurationList = 00E357021AD99517003FC87E /* Build configuration list for PBXNativeTarget "SQTests" */;
			buildPhases = (
				A55EABD7B0C7F3A422A6CC61 /* [CP] Check Pods Manifest.lock */,
				00E356EA1AD99517003FC87E /* Sources */,
				00E356EB1AD99517003FC87E /* Frameworks */,
				00E356EC1AD99517003FC87E /* Resources */,
				C59DA0FBD6956966B86A3779 /* [CP] Embed Pods Frameworks */,
				F6A41C54EA430FDDC6A6ED99 /* [CP] Copy Pods Resources */,
			);
			buildRules = (
			);
			dependencies = (
				00E356F51AD99517003FC87E /* PBXTargetDependency */,
			);
			name = SQTests;
			productName = SQTests;
			productReference = 00E356EE1AD99517003FC87E /* SQTests.xctest */;
			productType = "com.apple.product-type.bundle.unit-test";
		};
		13B07F861A680F5B00A75B9A /* SQ */ = {
			isa = PBXNativeTarget;
			buildConfigurationList = 13B07F931A680F5B00A75B9A /* Build configuration list for PBXNativeTarget "SQ" */;
			buildPhases = (
				C38B50BA6285516D6DCD4F65 /* [CP] Check Pods Manifest.lock */,
				FD10A7F022414F080027D42C /* Start Packager */,
				13B07F871A680F5B00A75B9A /* Sources */,
				13B07F8C1A680F5B00A75B9A /* Frameworks */,
				13B07F8E1A680F5B00A75B9A /* Resources */,
				00DD1BFF1BD5951E006B06BC /* Bundle React Native code and images */,
				00EEFC60759A1932668264C0 /* [CP] Embed Pods Frameworks */,
				E235C05ADACE081382539298 /* [CP] Copy Pods Resources */,
			);
			buildRules = (
			);
			dependencies = (
			);
			name = SQ;
			productName = SQ;
			productReference = 13B07F961A680F5B00A75B9A /* SQ.app */;
			productType = "com.apple.product-type.application";
		};
/* End PBXNativeTarget section */

/* Begin PBXProject section */
		83CBB9F71A601CBA00E9B192 /* Project object */ = {
			isa = PBXProject;
			attributes = {
				LastUpgradeCheck = 1210;
				TargetAttributes = {
					00E356ED1AD99517003FC87E = {
						CreatedOnToolsVersion = 6.2;
						TestTargetID = 13B07F861A680F5B00A75B9A;
					};
					13B07F861A680F5B00A75B9A = {
						LastSwiftMigration = 1120;
					};
				};
			};
			buildConfigurationList = 83CBB9FA1A601CBA00E9B192 /* Build configuration list for PBXProject "SQ" */;
			compatibilityVersion = "Xcode 12.0";
			developmentRegion = en;
			hasScannedForEncodings = 0;
			knownRegions = (
				en,
				Base,
			);
			mainGroup = 83CBB9F61A601CBA00E9B192;
			productRefGroup = 83CBBA001A601CBA00E9B192 /* Products */;
			projectDirPath = "";
			projectRoot = "";
			targets = (
				13B07F861A680F5B00A75B9A /* SQ */,
				00E356ED1AD99517003FC87E /* SQTests */,
			);
		};
/* End PBXProject section */

/* Begin PBXResourcesBuildPhase section */
		00E356EC1AD99517003FC87E /* Resources */ = {
			isa = PBXResourcesBuildPhase;
			buildActionMask = 2147483647;
			files = (
			);
			runOnlyForDeploymentPostprocessing = 0;
		};
		13B07F8E1A680F5B00A75B9A /* Resources */ = {
			isa = PBXResourcesBuildPhase;
			buildActionMask = 2147483647;
			files = (
				6132EF182BDFF13200BBE14D /* PrivacyInfo.xcprivacy in Resources */,
				81AB9BB82411601600AC10FF /* LaunchScreen.storyboard in Resources */,
				13B07FBF1A68108700A75B9A /* Images.xcassets in Resources */,
				5CCD234DA7EC44BDAB1EC7BD /* HelveticaNeue-Bold.ttf in Resources */,
				33604887F9074B1A820DD7D8 /* HelveticaNeue-BoldItalic.ttf in Resources */,
				66652159631642A493202236 /* HelveticaNeue-CondensedBold.ttf in Resources */,
				6BF0A1CD79FC4EA0A7958E95 /* HelveticaNeue-Italic.ttf in Resources */,
				90EC55BB270149F8AA0DEB67 /* HelveticaNeue-Light.ttf in Resources */,
				0AF9BFC1B9AC456C93DB5C7F /* HelveticaNeue-LightItalic.ttf in Resources */,
				8DD5F3C493A84C1A8A78AC47 /* HelveticaNeue-Medium.ttf in Resources */,
				2622780F40AE4E94B3CE6FEA /* HelveticaNeue-Regular.ttf in Resources */,
				CB6DB91F01DD4D1F8C69C875 /* HelveticaNeue-UltraLight.ttf in Resources */,
				C350A7B3437B4450B2810643 /* HelveticaNeue-UltraLightItalic.ttf in Resources */,
				8E84ACE3601B4940AA3CCE05 /* AntDesign.ttf in Resources */,
				A05FEEF182B441A5AA619DBF /* Entypo.ttf in Resources */,
				FFA29A9870E6461E98AABB5B /* EvilIcons.ttf in Resources */,
				6F7F7A0A18124142A0B572AE /* Feather.ttf in Resources */,
				498C36500AE248F5824A994D /* FontAwesome.ttf in Resources */,
				57DC157CA8994F5581F5AAFD /* FontAwesome5_Brands.ttf in Resources */,
				C8F0490413B24E6DB7B45AD7 /* FontAwesome5_Regular.ttf in Resources */,
				8BFBD9E11A494058AAEC0406 /* FontAwesome5_Solid.ttf in Resources */,
				401C22286F0A49A8862699D5 /* FontAwesome6_Brands.ttf in Resources */,
				A554B7EB196047C694FB38E8 /* FontAwesome6_Regular.ttf in Resources */,
				6870243EF30B4D2A955B599A /* FontAwesome6_Solid.ttf in Resources */,
				68D0748142E34B1C8F2C17AD /* Fontisto.ttf in Resources */,
				7AFD1A5B1EF348129E9E16C5 /* Foundation.ttf in Resources */,
				3A1C6FC4CE714C97A6E15C48 /* Ionicons.ttf in Resources */,
				55E85E47C057493984D1A8F8 /* MaterialCommunityIcons.ttf in Resources */,
				89014B626CCC4AF6BF9A501B /* MaterialIcons.ttf in Resources */,
				F0A1C8904E2249DCA39A8473 /* Octicons.ttf in Resources */,
				AAA92FDB83E741F4AED3784F /* SimpleLineIcons.ttf in Resources */,
				F26C494A7BA14E6393BEF69D /* Zocial.ttf in Resources */,
				F2F8F37F6672452886762788 /* default_sound.mp3 in Resources */,
				32B0D6BB94184746A30250FA /* new_booking.mp3 in Resources */,
				F398FD89E1674A2993E5CED7 /* new_booking_low.mp3 in Resources */,
				F9A33794589F4BC5A5E0A581 /* open_app_now.mp3 in Resources */,
				9F1309D7097E4E49A186EE29 /* BootSplash.storyboard in Resources */,
				A8F83BF2C001493BA2C3219A /* Colors.xcassets in Resources */,
			);
			runOnlyForDeploymentPostprocessing = 0;
		};
/* End PBXResourcesBuildPhase section */

/* Begin PBXShellScriptBuildPhase section */
		00DD1BFF1BD5951E006B06BC /* Bundle React Native code and images */ = {
			isa = PBXShellScriptBuildPhase;
			buildActionMask = 2147483647;
			files = (
			);
			inputPaths = (
				"$(SRCROOT)/.xcode.env.local",
				"$(SRCROOT)/.xcode.env",
			);
			name = "Bundle React Native code and images";
			outputPaths = (
			);
			runOnlyForDeploymentPostprocessing = 0;
			shellPath = /bin/sh;
			shellScript = "set -e\n\nWITH_ENVIRONMENT=\"../node_modules/react-native/scripts/xcode/with-environment.sh\"\nREACT_NATIVE_XCODE=\"../node_modules/react-native/scripts/react-native-xcode.sh\"\n\n/bin/sh -c \"$WITH_ENVIRONMENT $REACT_NATIVE_XCODE\"\n";
		};
		00EEFC60759A1932668264C0 /* [CP] Embed Pods Frameworks */ = {
			isa = PBXShellScriptBuildPhase;
			buildActionMask = 2147483647;
			files = (
			);
			inputFileListPaths = (
				"${PODS_ROOT}/Target Support Files/Pods-SQ/Pods-SQ-frameworks-${CONFIGURATION}-input-files.xcfilelist",
			);
			name = "[CP] Embed Pods Frameworks";
			outputFileListPaths = (
				"${PODS_ROOT}/Target Support Files/Pods-SQ/Pods-SQ-frameworks-${CONFIGURATION}-output-files.xcfilelist",
			);
			runOnlyForDeploymentPostprocessing = 0;
			shellPath = /bin/sh;
			shellScript = "\"${PODS_ROOT}/Target Support Files/Pods-SQ/Pods-SQ-frameworks.sh\"\n";
			showEnvVarsInLog = 0;
		};
		A55EABD7B0C7F3A422A6CC61 /* [CP] Check Pods Manifest.lock */ = {
			isa = PBXShellScriptBuildPhase;
			buildActionMask = 2147483647;
			files = (
			);
			inputFileListPaths = (
			);
			inputPaths = (
				"${PODS_PODFILE_DIR_PATH}/Podfile.lock",
				"${PODS_ROOT}/Manifest.lock",
			);
			name = "[CP] Check Pods Manifest.lock";
			outputFileListPaths = (
			);
			outputPaths = (
				"$(DERIVED_FILE_DIR)/Pods-SQ-SQTests-checkManifestLockResult.txt",
			);
			runOnlyForDeploymentPostprocessing = 0;
			shellPath = /bin/sh;
			shellScript = "diff \"${PODS_PODFILE_DIR_PATH}/Podfile.lock\" \"${PODS_ROOT}/Manifest.lock\" > /dev/null\nif [ $? != 0 ] ; then\n    # print error to STDERR\n    echo \"error: The sandbox is not in sync with the Podfile.lock. Run 'pod install' or update your CocoaPods installation.\" >&2\n    exit 1\nfi\n# This output is used by Xcode 'outputs' to avoid re-running this script phase.\necho \"SUCCESS\" > \"${SCRIPT_OUTPUT_FILE_0}\"\n";
			showEnvVarsInLog = 0;
		};
		C38B50BA6285516D6DCD4F65 /* [CP] Check Pods Manifest.lock */ = {
			isa = PBXShellScriptBuildPhase;
			buildActionMask = 2147483647;
			files = (
			);
			inputFileListPaths = (
			);
			inputPaths = (
				"${PODS_PODFILE_DIR_PATH}/Podfile.lock",
				"${PODS_ROOT}/Manifest.lock",
			);
			name = "[CP] Check Pods Manifest.lock";
			outputFileListPaths = (
			);
			outputPaths = (
				"$(DERIVED_FILE_DIR)/Pods-SQ-checkManifestLockResult.txt",
			);
			runOnlyForDeploymentPostprocessing = 0;
			shellPath = /bin/sh;
			shellScript = "diff \"${PODS_PODFILE_DIR_PATH}/Podfile.lock\" \"${PODS_ROOT}/Manifest.lock\" > /dev/null\nif [ $? != 0 ] ; then\n    # print error to STDERR\n    echo \"error: The sandbox is not in sync with the Podfile.lock. Run 'pod install' or update your CocoaPods installation.\" >&2\n    exit 1\nfi\n# This output is used by Xcode 'outputs' to avoid re-running this script phase.\necho \"SUCCESS\" > \"${SCRIPT_OUTPUT_FILE_0}\"\n";
			showEnvVarsInLog = 0;
		};
		C59DA0FBD6956966B86A3779 /* [CP] Embed Pods Frameworks */ = {
			isa = PBXShellScriptBuildPhase;
			buildActionMask = 2147483647;
			files = (
			);
			inputFileListPaths = (
				"${PODS_ROOT}/Target Support Files/Pods-SQ-SQTests/Pods-SQ-SQTests-frameworks-${CONFIGURATION}-input-files.xcfilelist",
			);
			name = "[CP] Embed Pods Frameworks";
			outputFileListPaths = (
				"${PODS_ROOT}/Target Support Files/Pods-SQ-SQTests/Pods-SQ-SQTests-frameworks-${CONFIGURATION}-output-files.xcfilelist",
			);
			runOnlyForDeploymentPostprocessing = 0;
			shellPath = /bin/sh;
			shellScript = "\"${PODS_ROOT}/Target Support Files/Pods-SQ-SQTests/Pods-SQ-SQTests-frameworks.sh\"\n";
			showEnvVarsInLog = 0;
		};
		E235C05ADACE081382539298 /* [CP] Copy Pods Resources */ = {
			isa = PBXShellScriptBuildPhase;
			buildActionMask = 2147483647;
			files = (
			);
			inputFileListPaths = (
				"${PODS_ROOT}/Target Support Files/Pods-SQ/Pods-SQ-resources-${CONFIGURATION}-input-files.xcfilelist",
			);
			name = "[CP] Copy Pods Resources";
			outputFileListPaths = (
				"${PODS_ROOT}/Target Support Files/Pods-SQ/Pods-SQ-resources-${CONFIGURATION}-output-files.xcfilelist",
			);
			runOnlyForDeploymentPostprocessing = 0;
			shellPath = /bin/sh;
			shellScript = "\"${PODS_ROOT}/Target Support Files/Pods-SQ/Pods-SQ-resources.sh\"\n";
			showEnvVarsInLog = 0;
		};
		F6A41C54EA430FDDC6A6ED99 /* [CP] Copy Pods Resources */ = {
			isa = PBXShellScriptBuildPhase;
			buildActionMask = 2147483647;
			files = (
			);
			inputFileListPaths = (
				"${PODS_ROOT}/Target Support Files/Pods-SQ-SQTests/Pods-SQ-SQTests-resources-${CONFIGURATION}-input-files.xcfilelist",
			);
			name = "[CP] Copy Pods Resources";
			outputFileListPaths = (
				"${PODS_ROOT}/Target Support Files/Pods-SQ-SQTests/Pods-SQ-SQTests-resources-${CONFIGURATION}-output-files.xcfilelist",
			);
			runOnlyForDeploymentPostprocessing = 0;
			shellPath = /bin/sh;
			shellScript = "\"${PODS_ROOT}/Target Support Files/Pods-SQ-SQTests/Pods-SQ-SQTests-resources.sh\"\n";
			showEnvVarsInLog = 0;
		};
		FD10A7F022414F080027D42C /* Start Packager */ = {
			isa = PBXShellScriptBuildPhase;
			buildActionMask = 2147483647;
			files = (
			);
			inputFileListPaths = (
			);
			inputPaths = (
			);
			name = "Start Packager";
			outputFileListPaths = (
			);
			outputPaths = (
			);
			runOnlyForDeploymentPostprocessing = 0;
			shellPath = /bin/sh;
			shellScript = "export RCT_METRO_PORT=\"${RCT_METRO_PORT:=8081}\"\necho \"export RCT_METRO_PORT=${RCT_METRO_PORT}\" > \"${SRCROOT}/../node_modules/react-native/scripts/.packager.env\"\nif [ -z \"${RCT_NO_LAUNCH_PACKAGER+xxx}\" ] ; then\n  if nc -w 5 -z localhost ${RCT_METRO_PORT} ; then\n    if ! curl -s \"http://localhost:${RCT_METRO_PORT}/status\" | grep -q \"packager-status:running\" ; then\n      echo \"Port ${RCT_METRO_PORT} already in use, packager is either not running or not running correctly\"\n      exit 2\n    fi\n  else\n    open \"$SRCROOT/../node_modules/react-native/scripts/launchPackager.command\" || echo \"Can't start packager automatically\"\n  fi\nfi\n";
			showEnvVarsInLog = 0;
		};
/* End PBXShellScriptBuildPhase section */

/* Begin PBXSourcesBuildPhase section */
		00E356EA1AD99517003FC87E /* Sources */ = {
			isa = PBXSourcesBuildPhase;
			buildActionMask = 2147483647;
			files = (
				00E356F31AD99517003FC87E /* SQTests.m in Sources */,
			);
			runOnlyForDeploymentPostprocessing = 0;
		};
		13B07F871A680F5B00A75B9A /* Sources */ = {
			isa = PBXSourcesBuildPhase;
			buildActionMask = 2147483647;
			files = (
				13B07FBC1A68108700A75B9A /* AppDelegate.mm in Sources */,
				13B07FC11A68108700A75B9A /* main.m in Sources */,
			);
			runOnlyForDeploymentPostprocessing = 0;
		};
/* End PBXSourcesBuildPhase section */

/* Begin PBXTargetDependency section */
		00E356F51AD99517003FC87E /* PBXTargetDependency */ = {
			isa = PBXTargetDependency;
			target = 13B07F861A680F5B00A75B9A /* SQ */;
			targetProxy = 00E356F41AD99517003FC87E /* PBXContainerItemProxy */;
		};
/* End PBXTargetDependency section */

/* Begin XCBuildConfiguration section */
		00E356F61AD99517003FC87E /* Debug */ = {
			isa = XCBuildConfiguration;
			baseConfigurationReference = 5B7EB9410499542E8C5724F5 /* Pods-SQ-SQTests.debug.xcconfig */;
			buildSettings = {
				BUNDLE_LOADER = "$(TEST_HOST)";
				GCC_PREPROCESSOR_DEFINITIONS = (
					"DEBUG=1",
					"$(inherited)",
				);
				INFOPLIST_FILE = SQTests/Info.plist;
				IPHONEOS_DEPLOYMENT_TARGET = 12.4;
				LD_RUNPATH_SEARCH_PATHS = (
					"$(inherited)",
					"@executable_path/Frameworks",
					"@loader_path/Frameworks",
				);
				OTHER_LDFLAGS = (
					"-ObjC",
					"-lc++",
					"$(inherited)",
				);
				PRODUCT_BUNDLE_IDENTIFIER = "org.reactjs.native.example.$(PRODUCT_NAME:rfc1034identifier)";
				PRODUCT_NAME = "$(TARGET_NAME)";
				TEST_HOST = "$(BUILT_PRODUCTS_DIR)/SQ.app/SQ";
			};
			name = Debug;
		};
		00E356F71AD99517003FC87E /* Release */ = {
			isa = XCBuildConfiguration;
			baseConfigurationReference = 89C6BE57DB24E9ADA2F236DE /* Pods-SQ-SQTests.release.xcconfig */;
			buildSettings = {
				BUNDLE_LOADER = "$(TEST_HOST)";
				COPY_PHASE_STRIP = NO;
				INFOPLIST_FILE = SQTests/Info.plist;
				IPHONEOS_DEPLOYMENT_TARGET = 12.4;
				LD_RUNPATH_SEARCH_PATHS = (
					"$(inherited)",
					"@executable_path/Frameworks",
					"@loader_path/Frameworks",
				);
				OTHER_LDFLAGS = (
					"-ObjC",
					"-lc++",
					"$(inherited)",
				);
				PRODUCT_BUNDLE_IDENTIFIER = "org.reactjs.native.example.$(PRODUCT_NAME:rfc1034identifier)";
				PRODUCT_NAME = "$(TARGET_NAME)";
				TEST_HOST = "$(BUILT_PRODUCTS_DIR)/SQ.app/SQ";
			};
			name = Release;
		};
		13B07F941A680F5B00A75B9A /* Debug */ = {
			isa = XCBuildConfiguration;
			baseConfigurationReference = 3B4392A12AC88292D35C810B /* Pods-SQ.debug.xcconfig */;
			buildSettings = {
				ASSETCATALOG_COMPILER_APPICON_NAME = AppIcon;
				CLANG_ENABLE_MODULES = YES;
				CURRENT_PROJECT_VERSION = 1;
				ENABLE_BITCODE = NO;
				INFOPLIST_FILE = SQ/Info.plist;
				LD_RUNPATH_SEARCH_PATHS = (
					"$(inherited)",
					"@executable_path/Frameworks",
				);
				MARKETING_VERSION = 1.0;
				OTHER_LDFLAGS = (
					"$(inherited)",
					"-ObjC",
					"-lc++",
				);
				PRODUCT_BUNDLE_IDENTIFIER = "org.reactjs.native.example.$(PRODUCT_NAME:rfc1034identifier)";
				PRODUCT_NAME = SQ;
				SWIFT_OPTIMIZATION_LEVEL = "-Onone";
				SWIFT_VERSION = 5.0;
				VERSIONING_SYSTEM = "apple-generic";
			};
			name = Debug;
		};
		13B07F951A680F5B00A75B9A /* Release */ = {
			isa = XCBuildConfiguration;
			baseConfigurationReference = 5709B34CF0A7D63546082F79 /* Pods-SQ.release.xcconfig */;
			buildSettings = {
				ASSETCATALOG_COMPILER_APPICON_NAME = AppIcon;
				CLANG_ENABLE_MODULES = YES;
				CURRENT_PROJECT_VERSION = 1;
				INFOPLIST_FILE = SQ/Info.plist;
				LD_RUNPATH_SEARCH_PATHS = (
					"$(inherited)",
					"@executable_path/Frameworks",
				);
				MARKETING_VERSION = 1.0;
				OTHER_LDFLAGS = (
					"$(inherited)",
					"-ObjC",
					"-lc++",
				);
				PRODUCT_BUNDLE_IDENTIFIER = "org.reactjs.native.example.$(PRODUCT_NAME:rfc1034identifier)";
				PRODUCT_NAME = SQ;
				SWIFT_VERSION = 5.0;
				VERSIONING_SYSTEM = "apple-generic";
			};
			name = Release;
		};
		83CBBA201A601CBA00E9B192 /* Debug */ = {
			isa = XCBuildConfiguration;
			buildSettings = {
				ALWAYS_SEARCH_USER_PATHS = NO;
				CLANG_ANALYZER_LOCALIZABILITY_NONLOCALIZED = YES;
				CLANG_CXX_LANGUAGE_STANDARD = "c++17";
				CLANG_CXX_LIBRARY = "libc++";
				CLANG_ENABLE_MODULES = YES;
				CLANG_ENABLE_OBJC_ARC = YES;
				CLANG_WARN_BLOCK_CAPTURE_AUTORELEASING = YES;
				CLANG_WARN_BOOL_CONVERSION = YES;
				CLANG_WARN_COMMA = YES;
				CLANG_WARN_CONSTANT_CONVERSION = YES;
				CLANG_WARN_DEPRECATED_OBJC_IMPLEMENTATIONS = YES;
				CLANG_WARN_DIRECT_OBJC_ISA_USAGE = YES_ERROR;
				CLANG_WARN_EMPTY_BODY = YES;
				CLANG_WARN_ENUM_CONVERSION = YES;
				CLANG_WARN_INFINITE_RECURSION = YES;
				CLANG_WARN_INT_CONVERSION = YES;
				CLANG_WARN_NON_LITERAL_NULL_CONVERSION = YES;
				CLANG_WARN_OBJC_IMPLICIT_RETAIN_SELF = YES;
				CLANG_WARN_OBJC_LITERAL_CONVERSION = YES;
				CLANG_WARN_OBJC_ROOT_CLASS = YES_ERROR;
				CLANG_WARN_QUOTED_INCLUDE_IN_FRAMEWORK_HEADER = YES;
				CLANG_WARN_RANGE_LOOP_ANALYSIS = YES;
				CLANG_WARN_STRICT_PROTOTYPES = YES;
				CLANG_WARN_SUSPICIOUS_MOVE = YES;
				CLANG_WARN_UNREACHABLE_CODE = YES;
				CLANG_WARN__DUPLICATE_METHOD_MATCH = YES;
				"CODE_SIGN_IDENTITY[sdk=iphoneos*]" = "iPhone Developer";
				COPY_PHASE_STRIP = NO;
				ENABLE_STRICT_OBJC_MSGSEND = YES;
				ENABLE_TESTABILITY = YES;
				"EXCLUDED_ARCHS[sdk=iphonesimulator*]" = i386;
				GCC_C_LANGUAGE_STANDARD = gnu99;
				GCC_DYNAMIC_NO_PIC = NO;
				GCC_NO_COMMON_BLOCKS = YES;
				GCC_OPTIMIZATION_LEVEL = 0;
				GCC_PREPROCESSOR_DEFINITIONS = (
					"DEBUG=1",
					"$(inherited)",
					_LIBCPP_ENABLE_CXX17_REMOVED_UNARY_BINARY_FUNCTION,
				);
				GCC_SYMBOLS_PRIVATE_EXTERN = NO;
				GCC_WARN_64_TO_32_BIT_CONVERSION = YES;
				GCC_WARN_ABOUT_RETURN_TYPE = YES_ERROR;
				GCC_WARN_UNDECLARED_SELECTOR = YES;
				GCC_WARN_UNINITIALIZED_AUTOS = YES_AGGRESSIVE;
				GCC_WARN_UNUSED_FUNCTION = YES;
				GCC_WARN_UNUSED_VARIABLE = YES;
				IPHONEOS_DEPLOYMENT_TARGET = 12.4;
				LD_RUNPATH_SEARCH_PATHS = (
					/usr/lib/swift,
					"$(inherited)",
				);
				LIBRARY_SEARCH_PATHS = (
					"\"$(SDKROOT)/usr/lib/swift\"",
					"\"$(TOOLCHAIN_DIR)/usr/lib/swift/$(PLATFORM_NAME)\"",
					"\"$(inherited)\"",
				);
				MTL_ENABLE_DEBUG_INFO = YES;
				ONLY_ACTIVE_ARCH = YES;
				OTHER_CFLAGS = "$(inherited)";
				OTHER_CPLUSPLUSFLAGS = (
					"$(OTHER_CFLAGS)",
					"-DFOLLY_NO_CONFIG",
					"-DFOLLY_MOBILE=1",
					"-DFOLLY_USE_LIBCPP=1",
				);
				OTHER_LDFLAGS = (
					"$(inherited)",
					" ",
				);
				REACT_NATIVE_PATH = "${PODS_ROOT}/../../node_modules/react-native";
				SDKROOT = iphoneos;
			};
			name = Debug;
		};
		83CBBA211A601CBA00E9B192 /* Release */ = {
			isa = XCBuildConfiguration;
			buildSettings = {
				ALWAYS_SEARCH_USER_PATHS = NO;
				CLANG_ANALYZER_LOCALIZABILITY_NONLOCALIZED = YES;
				CLANG_CXX_LANGUAGE_STANDARD = "c++17";
				CLANG_CXX_LIBRARY = "libc++";
				CLANG_ENABLE_MODULES = YES;
				CLANG_ENABLE_OBJC_ARC = YES;
				CLANG_WARN_BLOCK_CAPTURE_AUTORELEASING = YES;
				CLANG_WARN_BOOL_CONVERSION = YES;
				CLANG_WARN_COMMA = YES;
				CLANG_WARN_CONSTANT_CONVERSION = YES;
				CLANG_WARN_DEPRECATED_OBJC_IMPLEMENTATIONS = YES;
				CLANG_WARN_DIRECT_OBJC_ISA_USAGE = YES_ERROR;
				CLANG_WARN_EMPTY_BODY = YES;
				CLANG_WARN_ENUM_CONVERSION = YES;
				CLANG_WARN_INFINITE_RECURSION = YES;
				CLANG_WARN_INT_CONVERSION = YES;
				CLANG_WARN_NON_LITERAL_NULL_CONVERSION = YES;
				CLANG_WARN_OBJC_IMPLICIT_RETAIN_SELF = YES;
				CLANG_WARN_OBJC_LITERAL_CONVERSION = YES;
				CLANG_WARN_OBJC_ROOT_CLASS = YES_ERROR;
				CLANG_WARN_QUOTED_INCLUDE_IN_FRAMEWORK_HEADER = YES;
				CLANG_WARN_RANGE_LOOP_ANALYSIS = YES;
				CLANG_WARN_STRICT_PROTOTYPES = YES;
				CLANG_WARN_SUSPICIOUS_MOVE = YES;
				CLANG_WARN_UNREACHABLE_CODE = YES;
				CLANG_WARN__DUPLICATE_METHOD_MATCH = YES;
				"CODE_SIGN_IDENTITY[sdk=iphoneos*]" = "iPhone Developer";
				COPY_PHASE_STRIP = YES;
				ENABLE_NS_ASSERTIONS = NO;
				ENABLE_STRICT_OBJC_MSGSEND = YES;
				"EXCLUDED_ARCHS[sdk=iphonesimulator*]" = i386;
				GCC_C_LANGUAGE_STANDARD = gnu99;
				GCC_NO_COMMON_BLOCKS = YES;
				GCC_PREPROCESSOR_DEFINITIONS = (
					"$(inherited)",
					_LIBCPP_ENABLE_CXX17_REMOVED_UNARY_BINARY_FUNCTION,
				);
				GCC_WARN_64_TO_32_BIT_CONVERSION = YES;
				GCC_WARN_ABOUT_RETURN_TYPE = YES_ERROR;
				GCC_WARN_UNDECLARED_SELECTOR = YES;
				GCC_WARN_UNINITIALIZED_AUTOS = YES_AGGRESSIVE;
				GCC_WARN_UNUSED_FUNCTION = YES;
				GCC_WARN_UNUSED_VARIABLE = YES;
				IPHONEOS_DEPLOYMENT_TARGET = 12.4;
				LD_RUNPATH_SEARCH_PATHS = (
					/usr/lib/swift,
					"$(inherited)",
				);
				LIBRARY_SEARCH_PATHS = (
					"\"$(SDKROOT)/usr/lib/swift\"",
					"\"$(TOOLCHAIN_DIR)/usr/lib/swift/$(PLATFORM_NAME)\"",
					"\"$(inherited)\"",
				);
				MTL_ENABLE_DEBUG_INFO = NO;
				OTHER_CFLAGS = "$(inherited)";
				OTHER_CPLUSPLUSFLAGS = (
					"$(OTHER_CFLAGS)",
					"-DFOLLY_NO_CONFIG",
					"-DFOLLY_MOBILE=1",
					"-DFOLLY_USE_LIBCPP=1",
				);
				OTHER_LDFLAGS = (
					"$(inherited)",
					" ",
				);
				REACT_NATIVE_PATH = "${PODS_ROOT}/../../node_modules/react-native";
				SDKROOT = iphoneos;
				VALIDATE_PRODUCT = YES;
			};
			name = Release;
		};
/* End XCBuildConfiguration section */

/* Begin XCConfigurationList section */
		00E357021AD99517003FC87E /* Build configuration list for PBXNativeTarget "SQTests" */ = {
			isa = XCConfigurationList;
			buildConfigurations = (
				00E356F61AD99517003FC87E /* Debug */,
				00E356F71AD99517003FC87E /* Release */,
			);
			defaultConfigurationIsVisible = 0;
			defaultConfigurationName = Release;
		};
		13B07F931A680F5B00A75B9A /* Build configuration list for PBXNativeTarget "SQ" */ = {
			isa = XCConfigurationList;
			buildConfigurations = (
				13B07F941A680F5B00A75B9A /* Debug */,
				13B07F951A680F5B00A75B9A /* Release */,
			);
			defaultConfigurationIsVisible = 0;
			defaultConfigurationName = Release;
		};
		83CBB9FA1A601CBA00E9B192 /* Build configuration list for PBXProject "SQ" */ = {
			isa = XCConfigurationList;
			buildConfigurations = (
				83CBBA201A601CBA00E9B192 /* Debug */,
				83CBBA211A601CBA00E9B192 /* Release */,
			);
			defaultConfigurationIsVisible = 0;
			defaultConfigurationName = Release;
		};
/* End XCConfigurationList section */
	};
	rootObject = 83CBB9F71A601CBA00E9B192 /* Project object */;
}
